// !$*UTF8*$!
{
	archiveVersion = 1;
	classes = {
	};
	objectVersion = 50;
	objects = {

/* Begin PBXBuildFile section */
		A60AF801243A20CD00FD6E18 /* Store.swift in Sources */ = {isa = PBXBuildFile; fileRef = A60AF800243A20CD00FD6E18 /* Store.swift */; };
		A694523F243A22640016EF94 /* Core.framework in Frameworks */ = {isa = PBXBuildFile; fileRef = A6945236243A22640016EF94 /* Core.framework */; };
		A694524D243A22D50016EF94 /* StoreTests.swift in Sources */ = {isa = PBXBuildFile; fileRef = A6D21454243A209900C4371D /* StoreTests.swift */; };
		A694524E243A22F00016EF94 /* Store.swift in Sources */ = {isa = PBXBuildFile; fileRef = A60AF800243A20CD00FD6E18 /* Store.swift */; };
		A6945256243A24800016EF94 /* ComposableAppActionHandlerTest.swift in Sources */ = {isa = PBXBuildFile; fileRef = A6945255243A24800016EF94 /* ComposableAppActionHandlerTest.swift */; };
		A6945257243A24800016EF94 /* ComposableAppActionHandlerTest.swift in Sources */ = {isa = PBXBuildFile; fileRef = A6945255243A24800016EF94 /* ComposableAppActionHandlerTest.swift */; };
		A6945259243A24A60016EF94 /* ComposableAppActionHandler.swift in Sources */ = {isa = PBXBuildFile; fileRef = A6945258243A24A60016EF94 /* ComposableAppActionHandler.swift */; };
		A694525A243A24A90016EF94 /* ComposableAppActionHandler.swift in Sources */ = {isa = PBXBuildFile; fileRef = A6945258243A24A60016EF94 /* ComposableAppActionHandler.swift */; };
		A6D21450243A209900C4371D /* Core.framework in Frameworks */ = {isa = PBXBuildFile; fileRef = A6D21446243A209900C4371D /* Core.framework */; };
		A6D21455243A209900C4371D /* StoreTests.swift in Sources */ = {isa = PBXBuildFile; fileRef = A6D21454243A209900C4371D /* StoreTests.swift */; };
/* End PBXBuildFile section */

/* Begin PBXContainerItemProxy section */
		A6945240243A22640016EF94 /* PBXContainerItemProxy */ = {
			isa = PBXContainerItemProxy;
			containerPortal = A6D2143D243A209900C4371D /* Project object */;
			proxyType = 1;
			remoteGlobalIDString = A6945235243A22640016EF94;
			remoteInfo = Core_iOS;
		};
		A6D21451243A209900C4371D /* PBXContainerItemProxy */ = {
			isa = PBXContainerItemProxy;
			containerPortal = A6D2143D243A209900C4371D /* Project object */;
			proxyType = 1;
			remoteGlobalIDString = A6D21445243A209900C4371D;
			remoteInfo = Core;
		};
/* End PBXContainerItemProxy section */

/* Begin PBXFileReference section */
		A60AF800243A20CD00FD6E18 /* Store.swift */ = {isa = PBXFileReference; lastKnownFileType = sourcecode.swift; path = Store.swift; sourceTree = "<group>"; };
		A6945236243A22640016EF94 /* Core.framework */ = {isa = PBXFileReference; explicitFileType = wrapper.framework; includeInIndex = 0; path = Core.framework; sourceTree = BUILT_PRODUCTS_DIR; };
		A694523E243A22640016EF94 /* Core_iOSTests.xctest */ = {isa = PBXFileReference; explicitFileType = wrapper.cfbundle; includeInIndex = 0; path = Core_iOSTests.xctest; sourceTree = BUILT_PRODUCTS_DIR; };
		A6945255243A24800016EF94 /* ComposableAppActionHandlerTest.swift */ = {isa = PBXFileReference; lastKnownFileType = sourcecode.swift; path = ComposableAppActionHandlerTest.swift; sourceTree = "<group>"; };
		A6945258243A24A60016EF94 /* ComposableAppActionHandler.swift */ = {isa = PBXFileReference; lastKnownFileType = sourcecode.swift; path = ComposableAppActionHandler.swift; sourceTree = "<group>"; };
		A6D21446243A209900C4371D /* Core.framework */ = {isa = PBXFileReference; explicitFileType = wrapper.framework; includeInIndex = 0; path = Core.framework; sourceTree = BUILT_PRODUCTS_DIR; };
		A6D2144A243A209900C4371D /* Info.plist */ = {isa = PBXFileReference; lastKnownFileType = text.plist.xml; path = Info.plist; sourceTree = "<group>"; };
		A6D2144F243A209900C4371D /* CoreTests.xctest */ = {isa = PBXFileReference; explicitFileType = wrapper.cfbundle; includeInIndex = 0; path = CoreTests.xctest; sourceTree = BUILT_PRODUCTS_DIR; };
		A6D21454243A209900C4371D /* StoreTests.swift */ = {isa = PBXFileReference; lastKnownFileType = sourcecode.swift; path = StoreTests.swift; sourceTree = "<group>"; };
		A6D21456243A209900C4371D /* Info.plist */ = {isa = PBXFileReference; lastKnownFileType = text.plist.xml; path = Info.plist; sourceTree = "<group>"; };
/* End PBXFileReference section */

/* Begin PBXFrameworksBuildPhase section */
		A6945233243A22640016EF94 /* Frameworks */ = {
			isa = PBXFrameworksBuildPhase;
			buildActionMask = 2147483647;
			files = (
			);
			runOnlyForDeploymentPostprocessing = 0;
		};
		A694523B243A22640016EF94 /* Frameworks */ = {
			isa = PBXFrameworksBuildPhase;
			buildActionMask = 2147483647;
			files = (
				A694523F243A22640016EF94 /* Core.framework in Frameworks */,
			);
			runOnlyForDeploymentPostprocessing = 0;
		};
		A6D21443243A209900C4371D /* Frameworks */ = {
			isa = PBXFrameworksBuildPhase;
			buildActionMask = 2147483647;
			files = (
			);
			runOnlyForDeploymentPostprocessing = 0;
		};
		A6D2144C243A209900C4371D /* Frameworks */ = {
			isa = PBXFrameworksBuildPhase;
			buildActionMask = 2147483647;
			files = (
				A6D21450243A209900C4371D /* Core.framework in Frameworks */,
			);
			runOnlyForDeploymentPostprocessing = 0;
		};
/* End PBXFrameworksBuildPhase section */

/* Begin PBXGroup section */
		A6D2143C243A209900C4371D = {
			isa = PBXGroup;
			children = (
				A6D21448243A209900C4371D /* Core */,
				A6D21453243A209900C4371D /* CoreTests */,
				A6D21447243A209900C4371D /* Products */,
			);
			sourceTree = "<group>";
		};
		A6D21447243A209900C4371D /* Products */ = {
			isa = PBXGroup;
			children = (
				A6D21446243A209900C4371D /* Core.framework */,
				A6D2144F243A209900C4371D /* CoreTests.xctest */,
				A6945236243A22640016EF94 /* Core.framework */,
				A694523E243A22640016EF94 /* Core_iOSTests.xctest */,
			);
			name = Products;
			sourceTree = "<group>";
		};
		A6D21448243A209900C4371D /* Core */ = {
			isa = PBXGroup;
			children = (
				A6D2144A243A209900C4371D /* Info.plist */,
				A60AF800243A20CD00FD6E18 /* Store.swift */,
				A6945258243A24A60016EF94 /* ComposableAppActionHandler.swift */,
			);
			path = Core;
			sourceTree = "<group>";
		};
		A6D21453243A209900C4371D /* CoreTests */ = {
			isa = PBXGroup;
			children = (
				A6D21456243A209900C4371D /* Info.plist */,
				A6D21454243A209900C4371D /* StoreTests.swift */,
				A6945255243A24800016EF94 /* ComposableAppActionHandlerTest.swift */,
			);
			path = CoreTests;
			sourceTree = "<group>";
		};
/* End PBXGroup section */

/* Begin PBXHeadersBuildPhase section */
		A6945231243A22640016EF94 /* Headers */ = {
			isa = PBXHeadersBuildPhase;
			buildActionMask = 2147483647;
			files = (
			);
			runOnlyForDeploymentPostprocessing = 0;
		};
		A6D21441243A209900C4371D /* Headers */ = {
			isa = PBXHeadersBuildPhase;
			buildActionMask = 2147483647;
			files = (
			);
			runOnlyForDeploymentPostprocessing = 0;
		};
/* End PBXHeadersBuildPhase section */

/* Begin PBXNativeTarget section */
		A6945235243A22640016EF94 /* Core_iOS */ = {
			isa = PBXNativeTarget;
			buildConfigurationList = A694524B243A22640016EF94 /* Build configuration list for PBXNativeTarget "Core_iOS" */;
			buildPhases = (
				A6945231243A22640016EF94 /* Headers */,
				A6945232243A22640016EF94 /* Sources */,
				A6945233243A22640016EF94 /* Frameworks */,
				A6945234243A22640016EF94 /* Resources */,
			);
			buildRules = (
			);
			dependencies = (
			);
			name = Core_iOS;
			productName = Core_iOS;
			productReference = A6945236243A22640016EF94 /* Core.framework */;
			productType = "com.apple.product-type.framework";
		};
		A694523D243A22640016EF94 /* Core_iOSTests */ = {
			isa = PBXNativeTarget;
			buildConfigurationList = A694524C243A22640016EF94 /* Build configuration list for PBXNativeTarget "Core_iOSTests" */;
			buildPhases = (
				A694523A243A22640016EF94 /* Sources */,
				A694523B243A22640016EF94 /* Frameworks */,
				A694523C243A22640016EF94 /* Resources */,
			);
			buildRules = (
			);
			dependencies = (
				A6945241243A22640016EF94 /* PBXTargetDependency */,
			);
			name = Core_iOSTests;
			productName = Core_iOSTests;
			productReference = A694523E243A22640016EF94 /* Core_iOSTests.xctest */;
			productType = "com.apple.product-type.bundle.unit-test";
		};
		A6D21445243A209900C4371D /* Core */ = {
			isa = PBXNativeTarget;
			buildConfigurationList = A6D2145A243A209900C4371D /* Build configuration list for PBXNativeTarget "Core" */;
			buildPhases = (
				A6D21441243A209900C4371D /* Headers */,
				A6D21442243A209900C4371D /* Sources */,
				A6D21443243A209900C4371D /* Frameworks */,
				A6D21444243A209900C4371D /* Resources */,
			);
			buildRules = (
			);
			dependencies = (
			);
			name = Core;
			productName = Core;
			productReference = A6D21446243A209900C4371D /* Core.framework */;
			productType = "com.apple.product-type.framework";
		};
		A6D2144E243A209900C4371D /* CoreTests */ = {
			isa = PBXNativeTarget;
			buildConfigurationList = A6D2145D243A209900C4371D /* Build configuration list for PBXNativeTarget "CoreTests" */;
			buildPhases = (
				A6D2144B243A209900C4371D /* Sources */,
				A6D2144C243A209900C4371D /* Frameworks */,
				A6D2144D243A209900C4371D /* Resources */,
			);
			buildRules = (
			);
			dependencies = (
				A6D21452243A209900C4371D /* PBXTargetDependency */,
			);
			name = CoreTests;
			productName = CoreTests;
			productReference = A6D2144F243A209900C4371D /* CoreTests.xctest */;
			productType = "com.apple.product-type.bundle.unit-test";
		};
/* End PBXNativeTarget section */

/* Begin PBXProject section */
		A6D2143D243A209900C4371D /* Project object */ = {
			isa = PBXProject;
			attributes = {
				LastSwiftUpdateCheck = 1140;
				LastUpgradeCheck = 1140;
				ORGANIZATIONNAME = Combidi;
				TargetAttributes = {
					A6945235243A22640016EF94 = {
						CreatedOnToolsVersion = 11.4;
					};
					A694523D243A22640016EF94 = {
						CreatedOnToolsVersion = 11.4;
					};
					A6D21445243A209900C4371D = {
						CreatedOnToolsVersion = 11.4;
						LastSwiftMigration = 1140;
					};
					A6D2144E243A209900C4371D = {
						CreatedOnToolsVersion = 11.4;
					};
				};
			};
			buildConfigurationList = A6D21440243A209900C4371D /* Build configuration list for PBXProject "Core" */;
			compatibilityVersion = "Xcode 9.3";
			developmentRegion = en;
			hasScannedForEncodings = 0;
			knownRegions = (
				en,
				Base,
			);
			mainGroup = A6D2143C243A209900C4371D;
			productRefGroup = A6D21447243A209900C4371D /* Products */;
			projectDirPath = "";
			projectRoot = "";
			targets = (
				A6D21445243A209900C4371D /* Core */,
				A6D2144E243A209900C4371D /* CoreTests */,
				A6945235243A22640016EF94 /* Core_iOS */,
				A694523D243A22640016EF94 /* Core_iOSTests */,
			);
		};
/* End PBXProject section */

/* Begin PBXResourcesBuildPhase section */
		A6945234243A22640016EF94 /* Resources */ = {
			isa = PBXResourcesBuildPhase;
			buildActionMask = 2147483647;
			files = (
			);
			runOnlyForDeploymentPostprocessing = 0;
		};
		A694523C243A22640016EF94 /* Resources */ = {
			isa = PBXResourcesBuildPhase;
			buildActionMask = 2147483647;
			files = (
			);
			runOnlyForDeploymentPostprocessing = 0;
		};
		A6D21444243A209900C4371D /* Resources */ = {
			isa = PBXResourcesBuildPhase;
			buildActionMask = 2147483647;
			files = (
			);
			runOnlyForDeploymentPostprocessing = 0;
		};
		A6D2144D243A209900C4371D /* Resources */ = {
			isa = PBXResourcesBuildPhase;
			buildActionMask = 2147483647;
			files = (
			);
			runOnlyForDeploymentPostprocessing = 0;
		};
/* End PBXResourcesBuildPhase section */

/* Begin PBXSourcesBuildPhase section */
		A6945232243A22640016EF94 /* Sources */ = {
			isa = PBXSourcesBuildPhase;
			buildActionMask = 2147483647;
			files = (
				A694525A243A24A90016EF94 /* ComposableAppActionHandler.swift in Sources */,
				A694524E243A22F00016EF94 /* Store.swift in Sources */,
			);
			runOnlyForDeploymentPostprocessing = 0;
		};
		A694523A243A22640016EF94 /* Sources */ = {
			isa = PBXSourcesBuildPhase;
			buildActionMask = 2147483647;
			files = (
				A6945257243A24800016EF94 /* ComposableAppActionHandlerTest.swift in Sources */,
				A694524D243A22D50016EF94 /* StoreTests.swift in Sources */,
			);
			runOnlyForDeploymentPostprocessing = 0;
		};
		A6D21442243A209900C4371D /* Sources */ = {
			isa = PBXSourcesBuildPhase;
			buildActionMask = 2147483647;
			files = (
				A6945259243A24A60016EF94 /* ComposableAppActionHandler.swift in Sources */,
				A60AF801243A20CD00FD6E18 /* Store.swift in Sources */,
			);
			runOnlyForDeploymentPostprocessing = 0;
		};
		A6D2144B243A209900C4371D /* Sources */ = {
			isa = PBXSourcesBuildPhase;
			buildActionMask = 2147483647;
			files = (
				A6945256243A24800016EF94 /* ComposableAppActionHandlerTest.swift in Sources */,
				A6D21455243A209900C4371D /* StoreTests.swift in Sources */,
			);
			runOnlyForDeploymentPostprocessing = 0;
		};
/* End PBXSourcesBuildPhase section */

/* Begin PBXTargetDependency section */
		A6945241243A22640016EF94 /* PBXTargetDependency */ = {
			isa = PBXTargetDependency;
			target = A6945235243A22640016EF94 /* Core_iOS */;
			targetProxy = A6945240243A22640016EF94 /* PBXContainerItemProxy */;
		};
		A6D21452243A209900C4371D /* PBXTargetDependency */ = {
			isa = PBXTargetDependency;
			target = A6D21445243A209900C4371D /* Core */;
			targetProxy = A6D21451243A209900C4371D /* PBXContainerItemProxy */;
		};
/* End PBXTargetDependency section */

/* Begin XCBuildConfiguration section */
		A6945247243A22640016EF94 /* Debug */ = {
			isa = XCBuildConfiguration;
			buildSettings = {
				CODE_SIGN_STYLE = Automatic;
				DEFINES_MODULE = YES;
				DEVELOPMENT_TEAM = D83H87UGV3;
				DYLIB_COMPATIBILITY_VERSION = 1;
				DYLIB_CURRENT_VERSION = 1;
				DYLIB_INSTALL_NAME_BASE = "@rpath";
				INFOPLIST_FILE = Core/Info.plist;
				INSTALL_PATH = "$(LOCAL_LIBRARY_DIR)/Frameworks";
				IPHONEOS_DEPLOYMENT_TARGET = 13.4;
				LD_RUNPATH_SEARCH_PATHS = (
					"$(inherited)",
					"@executable_path/Frameworks",
					"@loader_path/Frameworks",
				);
				PRODUCT_BUNDLE_IDENTIFIER = "nl.combidi.Core-iOS";
				PRODUCT_NAME = Core;
				SDKROOT = iphoneos;
				SKIP_INSTALL = YES;
				SWIFT_VERSION = 5.0;
				TARGETED_DEVICE_FAMILY = "1,2";
			};
			name = Debug;
		};
		A6945248243A22640016EF94 /* Release */ = {
			isa = XCBuildConfiguration;
			buildSettings = {
				CODE_SIGN_STYLE = Automatic;
				DEFINES_MODULE = YES;
				DEVELOPMENT_TEAM = D83H87UGV3;
				DYLIB_COMPATIBILITY_VERSION = 1;
				DYLIB_CURRENT_VERSION = 1;
				DYLIB_INSTALL_NAME_BASE = "@rpath";
				INFOPLIST_FILE = Core/Info.plist;
				INSTALL_PATH = "$(LOCAL_LIBRARY_DIR)/Frameworks";
				IPHONEOS_DEPLOYMENT_TARGET = 13.4;
				LD_RUNPATH_SEARCH_PATHS = (
					"$(inherited)",
					"@executable_path/Frameworks",
					"@loader_path/Frameworks",
				);
				PRODUCT_BUNDLE_IDENTIFIER = "nl.combidi.Core-iOS";
				PRODUCT_NAME = Core;
				SDKROOT = iphoneos;
				SKIP_INSTALL = YES;
				SWIFT_VERSION = 5.0;
				TARGETED_DEVICE_FAMILY = "1,2";
				VALIDATE_PRODUCT = YES;
			};
			name = Release;
		};
		A6945249243A22640016EF94 /* Debug */ = {
			isa = XCBuildConfiguration;
			buildSettings = {
				ALWAYS_EMBED_SWIFT_STANDARD_LIBRARIES = YES;
				CODE_SIGN_STYLE = Automatic;
				DEVELOPMENT_TEAM = D83H87UGV3;
				INFOPLIST_FILE = CoreTests/Info.plist;
				IPHONEOS_DEPLOYMENT_TARGET = 13.4;
				LD_RUNPATH_SEARCH_PATHS = (
					"$(inherited)",
					"@executable_path/Frameworks",
					"@loader_path/Frameworks",
				);
				PRODUCT_BUNDLE_IDENTIFIER = "nl.combidi.Core-iOSTests";
				PRODUCT_NAME = "$(TARGET_NAME)";
				SDKROOT = iphoneos;
				SWIFT_VERSION = 5.0;
				TARGETED_DEVICE_FAMILY = "1,2";
			};
			name = Debug;
		};
		A694524A243A22640016EF94 /* Release */ = {
			isa = XCBuildConfiguration;
			buildSettings = {
				ALWAYS_EMBED_SWIFT_STANDARD_LIBRARIES = YES;
				CODE_SIGN_STYLE = Automatic;
				DEVELOPMENT_TEAM = D83H87UGV3;
				INFOPLIST_FILE = CoreTests/Info.plist;
				IPHONEOS_DEPLOYMENT_TARGET = 13.4;
				LD_RUNPATH_SEARCH_PATHS = (
					"$(inherited)",
					"@executable_path/Frameworks",
					"@loader_path/Frameworks",
				);
				PRODUCT_BUNDLE_IDENTIFIER = "nl.combidi.Core-iOSTests";
				PRODUCT_NAME = "$(TARGET_NAME)";
				SDKROOT = iphoneos;
				SWIFT_VERSION = 5.0;
				TARGETED_DEVICE_FAMILY = "1,2";
				VALIDATE_PRODUCT = YES;
			};
			name = Release;
		};
		A6D21458243A209900C4371D /* Debug */ = {
			isa = XCBuildConfiguration;
			buildSettings = {
				ALWAYS_SEARCH_USER_PATHS = NO;
				CLANG_ANALYZER_NONNULL = YES;
				CLANG_ANALYZER_NUMBER_OBJECT_CONVERSION = YES_AGGRESSIVE;
				CLANG_CXX_LANGUAGE_STANDARD = "gnu++14";
				CLANG_CXX_LIBRARY = "libc++";
				CLANG_ENABLE_MODULES = YES;
				CLANG_ENABLE_OBJC_ARC = YES;
				CLANG_ENABLE_OBJC_WEAK = YES;
				CLANG_WARN_BLOCK_CAPTURE_AUTORELEASING = YES;
				CLANG_WARN_BOOL_CONVERSION = YES;
				CLANG_WARN_COMMA = YES;
				CLANG_WARN_CONSTANT_CONVERSION = YES;
				CLANG_WARN_DEPRECATED_OBJC_IMPLEMENTATIONS = YES;
				CLANG_WARN_DIRECT_OBJC_ISA_USAGE = YES_ERROR;
				CLANG_WARN_DOCUMENTATION_COMMENTS = YES;
				CLANG_WARN_EMPTY_BODY = YES;
				CLANG_WARN_ENUM_CONVERSION = YES;
				CLANG_WARN_INFINITE_RECURSION = YES;
				CLANG_WARN_INT_CONVERSION = YES;
				CLANG_WARN_NON_LITERAL_NULL_CONVERSION = YES;
				CLANG_WARN_OBJC_IMPLICIT_RETAIN_SELF = YES;
				CLANG_WARN_OBJC_LITERAL_CONVERSION = YES;
				CLANG_WARN_OBJC_ROOT_CLASS = YES_ERROR;
				CLANG_WARN_RANGE_LOOP_ANALYSIS = YES;
				CLANG_WARN_STRICT_PROTOTYPES = YES;
				CLANG_WARN_SUSPICIOUS_MOVE = YES;
				CLANG_WARN_UNGUARDED_AVAILABILITY = YES_AGGRESSIVE;
				CLANG_WARN_UNREACHABLE_CODE = YES;
				CLANG_WARN__DUPLICATE_METHOD_MATCH = YES;
				COPY_PHASE_STRIP = NO;
				CURRENT_PROJECT_VERSION = 1;
				DEBUG_INFORMATION_FORMAT = dwarf;
				ENABLE_STRICT_OBJC_MSGSEND = YES;
				ENABLE_TESTABILITY = YES;
				GCC_C_LANGUAGE_STANDARD = gnu11;
				GCC_DYNAMIC_NO_PIC = NO;
				GCC_NO_COMMON_BLOCKS = YES;
				GCC_OPTIMIZATION_LEVEL = 0;
				GCC_PREPROCESSOR_DEFINITIONS = (
					"DEBUG=1",
					"$(inherited)",
				);
				GCC_WARN_64_TO_32_BIT_CONVERSION = YES;
				GCC_WARN_ABOUT_RETURN_TYPE = YES_ERROR;
				GCC_WARN_UNDECLARED_SELECTOR = YES;
				GCC_WARN_UNINITIALIZED_AUTOS = YES_AGGRESSIVE;
				GCC_WARN_UNUSED_FUNCTION = YES;
				GCC_WARN_UNUSED_VARIABLE = YES;
				MACOSX_DEPLOYMENT_TARGET = 10.15;
				MTL_ENABLE_DEBUG_INFO = INCLUDE_SOURCE;
				MTL_FAST_MATH = YES;
				ONLY_ACTIVE_ARCH = YES;
				SDKROOT = macosx;
				SWIFT_ACTIVE_COMPILATION_CONDITIONS = DEBUG;
				SWIFT_OPTIMIZATION_LEVEL = "-Onone";
				VERSIONING_SYSTEM = "apple-generic";
				VERSION_INFO_PREFIX = "";
			};
			name = Debug;
		};
		A6D21459243A209900C4371D /* Release */ = {
			isa = XCBuildConfiguration;
			buildSettings = {
				ALWAYS_SEARCH_USER_PATHS = NO;
				CLANG_ANALYZER_NONNULL = YES;
				CLANG_ANALYZER_NUMBER_OBJECT_CONVERSION = YES_AGGRESSIVE;
				CLANG_CXX_LANGUAGE_STANDARD = "gnu++14";
				CLANG_CXX_LIBRARY = "libc++";
				CLANG_ENABLE_MODULES = YES;
				CLANG_ENABLE_OBJC_ARC = YES;
				CLANG_ENABLE_OBJC_WEAK = YES;
				CLANG_WARN_BLOCK_CAPTURE_AUTORELEASING = YES;
				CLANG_WARN_BOOL_CONVERSION = YES;
				CLANG_WARN_COMMA = YES;
				CLANG_WARN_CONSTANT_CONVERSION = YES;
				CLANG_WARN_DEPRECATED_OBJC_IMPLEMENTATIONS = YES;
				CLANG_WARN_DIRECT_OBJC_ISA_USAGE = YES_ERROR;
				CLANG_WARN_DOCUMENTATION_COMMENTS = YES;
				CLANG_WARN_EMPTY_BODY = YES;
				CLANG_WARN_ENUM_CONVERSION = YES;
				CLANG_WARN_INFINITE_RECURSION = YES;
				CLANG_WARN_INT_CONVERSION = YES;
				CLANG_WARN_NON_LITERAL_NULL_CONVERSION = YES;
				CLANG_WARN_OBJC_IMPLICIT_RETAIN_SELF = YES;
				CLANG_WARN_OBJC_LITERAL_CONVERSION = YES;
				CLANG_WARN_OBJC_ROOT_CLASS = YES_ERROR;
				CLANG_WARN_RANGE_LOOP_ANALYSIS = YES;
				CLANG_WARN_STRICT_PROTOTYPES = YES;
				CLANG_WARN_SUSPICIOUS_MOVE = YES;
				CLANG_WARN_UNGUARDED_AVAILABILITY = YES_AGGRESSIVE;
				CLANG_WARN_UNREACHABLE_CODE = YES;
				CLANG_WARN__DUPLICATE_METHOD_MATCH = YES;
				COPY_PHASE_STRIP = NO;
				CURRENT_PROJECT_VERSION = 1;
				DEBUG_INFORMATION_FORMAT = "dwarf-with-dsym";
				ENABLE_NS_ASSERTIONS = NO;
				ENABLE_STRICT_OBJC_MSGSEND = YES;
				GCC_C_LANGUAGE_STANDARD = gnu11;
				GCC_NO_COMMON_BLOCKS = YES;
				GCC_WARN_64_TO_32_BIT_CONVERSION = YES;
				GCC_WARN_ABOUT_RETURN_TYPE = YES_ERROR;
				GCC_WARN_UNDECLARED_SELECTOR = YES;
				GCC_WARN_UNINITIALIZED_AUTOS = YES_AGGRESSIVE;
				GCC_WARN_UNUSED_FUNCTION = YES;
				GCC_WARN_UNUSED_VARIABLE = YES;
				MACOSX_DEPLOYMENT_TARGET = 10.15;
				MTL_ENABLE_DEBUG_INFO = NO;
				MTL_FAST_MATH = YES;
				SDKROOT = macosx;
				SWIFT_COMPILATION_MODE = wholemodule;
				SWIFT_OPTIMIZATION_LEVEL = "-O";
				VERSIONING_SYSTEM = "apple-generic";
				VERSION_INFO_PREFIX = "";
			};
			name = Release;
		};
		A6D2145B243A209900C4371D /* Debug */ = {
			isa = XCBuildConfiguration;
			buildSettings = {
				CLANG_ENABLE_MODULES = YES;
				CODE_SIGN_STYLE = Automatic;
				COMBINE_HIDPI_IMAGES = YES;
				DEFINES_MODULE = YES;
				DEVELOPMENT_TEAM = D83H87UGV3;
				DYLIB_COMPATIBILITY_VERSION = 1;
				DYLIB_CURRENT_VERSION = 1;
				DYLIB_INSTALL_NAME_BASE = "@rpath";
				INFOPLIST_FILE = Core/Info.plist;
				INSTALL_PATH = "$(LOCAL_LIBRARY_DIR)/Frameworks";
				LD_RUNPATH_SEARCH_PATHS = (
					"$(inherited)",
					"@executable_path/../Frameworks",
					"@loader_path/Frameworks",
				);
				PRODUCT_BUNDLE_IDENTIFIER = nl.combidi.Core;
				PRODUCT_NAME = "$(TARGET_NAME:c99extidentifier)";
				SKIP_INSTALL = YES;
				SWIFT_OPTIMIZATION_LEVEL = "-Onone";
				SWIFT_VERSION = 5.0;
			};
			name = Debug;
		};
		A6D2145C243A209900C4371D /* Release */ = {
			isa = XCBuildConfiguration;
			buildSettings = {
				CLANG_ENABLE_MODULES = YES;
				CODE_SIGN_STYLE = Automatic;
				COMBINE_HIDPI_IMAGES = YES;
				DEFINES_MODULE = YES;
				DEVELOPMENT_TEAM = D83H87UGV3;
				DYLIB_COMPATIBILITY_VERSION = 1;
				DYLIB_CURRENT_VERSION = 1;
				DYLIB_INSTALL_NAME_BASE = "@rpath";
				INFOPLIST_FILE = Core/Info.plist;
				INSTALL_PATH = "$(LOCAL_LIBRARY_DIR)/Frameworks";
				LD_RUNPATH_SEARCH_PATHS = (
					"$(inherited)",
					"@executable_path/../Frameworks",
					"@loader_path/Frameworks",
				);
				PRODUCT_BUNDLE_IDENTIFIER = nl.combidi.Core;
				PRODUCT_NAME = "$(TARGET_NAME:c99extidentifier)";
				SKIP_INSTALL = YES;
				SWIFT_VERSION = 5.0;
			};
			name = Release;
		};
		A6D2145E243A209900C4371D /* Debug */ = {
			isa = XCBuildConfiguration;
			buildSettings = {
				ALWAYS_EMBED_SWIFT_STANDARD_LIBRARIES = YES;
				CODE_SIGN_STYLE = Automatic;
				COMBINE_HIDPI_IMAGES = YES;
				DEVELOPMENT_TEAM = D83H87UGV3;
				INFOPLIST_FILE = CoreTests/Info.plist;
				LD_RUNPATH_SEARCH_PATHS = (
					"$(inherited)",
					"@executable_path/../Frameworks",
					"@loader_path/../Frameworks",
				);
				PRODUCT_BUNDLE_IDENTIFIER = nl.combidi.CoreTests;
				PRODUCT_NAME = "$(TARGET_NAME)";
				SWIFT_VERSION = 5.0;
			};
			name = Debug;
		};
		A6D2145F243A209900C4371D /* Release */ = {
			isa = XCBuildConfiguration;
			buildSettings = {
				ALWAYS_EMBED_SWIFT_STANDARD_LIBRARIES = YES;
				CODE_SIGN_STYLE = Automatic;
				COMBINE_HIDPI_IMAGES = YES;
				DEVELOPMENT_TEAM = D83H87UGV3;
				INFOPLIST_FILE = CoreTests/Info.plist;
				LD_RUNPATH_SEARCH_PATHS = (
					"$(inherited)",
					"@executable_path/../Frameworks",
					"@loader_path/../Frameworks",
				);
				PRODUCT_BUNDLE_IDENTIFIER = nl.combidi.CoreTests;
				PRODUCT_NAME = "$(TARGET_NAME)";
				SWIFT_VERSION = 5.0;
			};
			name = Release;
		};
/* End XCBuildConfiguration section */

/* Begin XCConfigurationList section */
		A694524B243A22640016EF94 /* Build configuration list for PBXNativeTarget "Core_iOS" */ = {
			isa = XCConfigurationList;
			buildConfigurations = (
				A6945247243A22640016EF94 /* Debug */,
				A6945248243A22640016EF94 /* Release */,
			);
			defaultConfigurationIsVisible = 0;
			defaultConfigurationName = Release;
		};
		A694524C243A22640016EF94 /* Build configuration list for PBXNativeTarget "Core_iOSTests" */ = {
			isa = XCConfigurationList;
			buildConfigurations = (
				A6945249243A22640016EF94 /* Debug */,
				A694524A243A22640016EF94 /* Release */,
			);
			defaultConfigurationIsVisible = 0;
			defaultConfigurationName = Release;
		};
		A6D21440243A209900C4371D /* Build configuration list for PBXProject "Core" */ = {
			isa = XCConfigurationList;
			buildConfigurations = (
				A6D21458243A209900C4371D /* Debug */,
				A6D21459243A209900C4371D /* Release */,
			);
			defaultConfigurationIsVisible = 0;
			defaultConfigurationName = Release;
		};
		A6D2145A243A209900C4371D /* Build configuration list for PBXNativeTarget "Core" */ = {
			isa = XCConfigurationList;
			buildConfigurations = (
				A6D2145B243A209900C4371D /* Debug */,
				A6D2145C243A209900C4371D /* Release */,
			);
			defaultConfigurationIsVisible = 0;
			defaultConfigurationName = Release;
		};
		A6D2145D243A209900C4371D /* Build configuration list for PBXNativeTarget "CoreTests" */ = {
			isa = XCConfigurationList;
			buildConfigurations = (
				A6D2145E243A209900C4371D /* Debug */,
				A6D2145F243A209900C4371D /* Release */,
			);
			defaultConfigurationIsVisible = 0;
			defaultConfigurationName = Release;
		};
/* End XCConfigurationList section */
	};
	rootObject = A6D2143D243A209900C4371D /* Project object */;
}
